// !$*UTF8*$!
{
	archiveVersion = 1;
	classes = {
	};
	objectVersion = 50;
	objects = {

/* Begin PBXBuildFile section */
		10394C7BE7D8439EE4BB0057 /* Pods_qiigle.framework in Frameworks */ = {isa = PBXBuildFile; fileRef = 803F49BD748268280257A3EA /* Pods_qiigle.framework */; };
		55A3E3B422DA0C2E00D45775 /* AppDelegate.swift in Sources */ = {isa = PBXBuildFile; fileRef = 55A3E3B322DA0C2E00D45775 /* AppDelegate.swift */; };
		55A3E3BB22DA0C2F00D45775 /* Assets.xcassets in Resources */ = {isa = PBXBuildFile; fileRef = 55A3E3BA22DA0C2F00D45775 /* Assets.xcassets */; };
		55A3E3BE22DA0C2F00D45775 /* LaunchScreen.storyboard in Resources */ = {isa = PBXBuildFile; fileRef = 55A3E3BC22DA0C2F00D45775 /* LaunchScreen.storyboard */; };
		55A3E3CA22DA0E6400D45775 /* DeviceSize.swift in Sources */ = {isa = PBXBuildFile; fileRef = 55A3E3C622DA0E6400D45775 /* DeviceSize.swift */; };
		55A3E3CD22DA0E6400D45775 /* Color.swift in Sources */ = {isa = PBXBuildFile; fileRef = 55A3E3C922DA0E6400D45775 /* Color.swift */; };
		55A3E3D622DA0EBC00D45775 /* UIColor+Extension.swift in Sources */ = {isa = PBXBuildFile; fileRef = 55A3E3CF22DA0EBC00D45775 /* UIColor+Extension.swift */; };
		55A3E3D722DA0EBC00D45775 /* UIButton+Extension.swift in Sources */ = {isa = PBXBuildFile; fileRef = 55A3E3D022DA0EBC00D45775 /* UIButton+Extension.swift */; };
		55A3E3D822DA0EBC00D45775 /* UIView+Extension.swift in Sources */ = {isa = PBXBuildFile; fileRef = 55A3E3D122DA0EBC00D45775 /* UIView+Extension.swift */; };
		55A3E3DA22DA0EBC00D45775 /* ReactorKitView.swift in Sources */ = {isa = PBXBuildFile; fileRef = 55A3E3D322DA0EBC00D45775 /* ReactorKitView.swift */; };
		55A3E3DB22DA0EBC00D45775 /* Observable+Optional.swift in Sources */ = {isa = PBXBuildFile; fileRef = 55A3E3D522DA0EBC00D45775 /* Observable+Optional.swift */; };
/* End PBXBuildFile section */

/* Begin PBXFileReference section */
		2DE14EB8EAF3C3F0529A2CA1 /* Pods-qiigle.release.xcconfig */ = {isa = PBXFileReference; includeInIndex = 1; lastKnownFileType = text.xcconfig; name = "Pods-qiigle.release.xcconfig"; path = "Target Support Files/Pods-qiigle/Pods-qiigle.release.xcconfig"; sourceTree = "<group>"; };
		55A3E3B022DA0C2E00D45775 /* qiigle.app */ = {isa = PBXFileReference; explicitFileType = wrapper.application; includeInIndex = 0; path = qiigle.app; sourceTree = BUILT_PRODUCTS_DIR; };
		55A3E3B322DA0C2E00D45775 /* AppDelegate.swift */ = {isa = PBXFileReference; lastKnownFileType = sourcecode.swift; path = AppDelegate.swift; sourceTree = "<group>"; };
		55A3E3BA22DA0C2F00D45775 /* Assets.xcassets */ = {isa = PBXFileReference; lastKnownFileType = folder.assetcatalog; path = Assets.xcassets; sourceTree = "<group>"; };
		55A3E3BD22DA0C2F00D45775 /* Base */ = {isa = PBXFileReference; lastKnownFileType = file.storyboard; name = Base; path = Base.lproj/LaunchScreen.storyboard; sourceTree = "<group>"; };
		55A3E3BF22DA0C2F00D45775 /* Info.plist */ = {isa = PBXFileReference; lastKnownFileType = text.plist.xml; path = Info.plist; sourceTree = "<group>"; };
		55A3E3C622DA0E6400D45775 /* DeviceSize.swift */ = {isa = PBXFileReference; fileEncoding = 4; lastKnownFileType = sourcecode.swift; path = DeviceSize.swift; sourceTree = "<group>"; };
		55A3E3C922DA0E6400D45775 /* Color.swift */ = {isa = PBXFileReference; fileEncoding = 4; lastKnownFileType = sourcecode.swift; path = Color.swift; sourceTree = "<group>"; };
		55A3E3CF22DA0EBC00D45775 /* UIColor+Extension.swift */ = {isa = PBXFileReference; fileEncoding = 4; lastKnownFileType = sourcecode.swift; path = "UIColor+Extension.swift"; sourceTree = "<group>"; };
		55A3E3D022DA0EBC00D45775 /* UIButton+Extension.swift */ = {isa = PBXFileReference; fileEncoding = 4; lastKnownFileType = sourcecode.swift; path = "UIButton+Extension.swift"; sourceTree = "<group>"; };
		55A3E3D122DA0EBC00D45775 /* UIView+Extension.swift */ = {isa = PBXFileReference; fileEncoding = 4; lastKnownFileType = sourcecode.swift; path = "UIView+Extension.swift"; sourceTree = "<group>"; };
		55A3E3D322DA0EBC00D45775 /* ReactorKitView.swift */ = {isa = PBXFileReference; fileEncoding = 4; lastKnownFileType = sourcecode.swift; path = ReactorKitView.swift; sourceTree = "<group>"; };
		55A3E3D522DA0EBC00D45775 /* Observable+Optional.swift */ = {isa = PBXFileReference; fileEncoding = 4; lastKnownFileType = sourcecode.swift; path = "Observable+Optional.swift"; sourceTree = "<group>"; };
		803F49BD748268280257A3EA /* Pods_qiigle.framework */ = {isa = PBXFileReference; explicitFileType = wrapper.framework; includeInIndex = 0; path = Pods_qiigle.framework; sourceTree = BUILT_PRODUCTS_DIR; };
		EFBDDDA18A9D96A3CB745C33 /* Pods-qiigle.debug.xcconfig */ = {isa = PBXFileReference; includeInIndex = 1; lastKnownFileType = text.xcconfig; name = "Pods-qiigle.debug.xcconfig"; path = "Target Support Files/Pods-qiigle/Pods-qiigle.debug.xcconfig"; sourceTree = "<group>"; };
/* End PBXFileReference section */

/* Begin PBXFrameworksBuildPhase section */
		55A3E3AD22DA0C2E00D45775 /* Frameworks */ = {
			isa = PBXFrameworksBuildPhase;
			buildActionMask = 2147483647;
			files = (
				10394C7BE7D8439EE4BB0057 /* Pods_qiigle.framework in Frameworks */,
			);
			runOnlyForDeploymentPostprocessing = 0;
		};
/* End PBXFrameworksBuildPhase section */

/* Begin PBXGroup section */
		33A213FD91981595778195DE /* Pods */ = {
			isa = PBXGroup;
			children = (
				EFBDDDA18A9D96A3CB745C33 /* Pods-qiigle.debug.xcconfig */,
				2DE14EB8EAF3C3F0529A2CA1 /* Pods-qiigle.release.xcconfig */,
			);
			name = Pods;
			path = Pods;
			sourceTree = "<group>";
		};
		55A3E3A722DA0C2E00D45775 = {
			isa = PBXGroup;
			children = (
				55A3E3B222DA0C2E00D45775 /* qiigle */,
				55A3E3B122DA0C2E00D45775 /* Products */,
				33A213FD91981595778195DE /* Pods */,
				6391923A6DD81115467AB6A1 /* Frameworks */,
			);
			sourceTree = "<group>";
		};
		55A3E3B122DA0C2E00D45775 /* Products */ = {
			isa = PBXGroup;
			children = (
				55A3E3B022DA0C2E00D45775 /* qiigle.app */,
			);
			name = Products;
			sourceTree = "<group>";
		};
		55A3E3B222DA0C2E00D45775 /* qiigle */ = {
			isa = PBXGroup;
			children = (
				55A3E3CE22DA0EBC00D45775 /* Extension */,
				55A3E3C522DA0E6400D45775 /* Utility */,
				55A3E3B322DA0C2E00D45775 /* AppDelegate.swift */,
				55A3E3BA22DA0C2F00D45775 /* Assets.xcassets */,
				55A3E3BC22DA0C2F00D45775 /* LaunchScreen.storyboard */,
				55A3E3BF22DA0C2F00D45775 /* Info.plist */,
			);
			path = qiigle;
			sourceTree = "<group>";
		};
		55A3E3C522DA0E6400D45775 /* Utility */ = {
			isa = PBXGroup;
			children = (
				55A3E3C622DA0E6400D45775 /* DeviceSize.swift */,
				55A3E3C922DA0E6400D45775 /* Color.swift */,
			);
			path = Utility;
			sourceTree = "<group>";
		};
		55A3E3CE22DA0EBC00D45775 /* Extension */ = {
			isa = PBXGroup;
			children = (
				55A3E3D422DA0EBC00D45775 /* Rx */,
				55A3E3CF22DA0EBC00D45775 /* UIColor+Extension.swift */,
				55A3E3D022DA0EBC00D45775 /* UIButton+Extension.swift */,
				55A3E3D122DA0EBC00D45775 /* UIView+Extension.swift */,
				55A3E3D322DA0EBC00D45775 /* ReactorKitView.swift */,
			);
			path = Extension;
			sourceTree = "<group>";
		};
		55A3E3D422DA0EBC00D45775 /* Rx */ = {
			isa = PBXGroup;
			children = (
				55A3E3D522DA0EBC00D45775 /* Observable+Optional.swift */,
			);
			path = Rx;
			sourceTree = "<group>";
		};
		6391923A6DD81115467AB6A1 /* Frameworks */ = {
			isa = PBXGroup;
			children = (
				803F49BD748268280257A3EA /* Pods_qiigle.framework */,
			);
			name = Frameworks;
			sourceTree = "<group>";
		};
/* End PBXGroup section */

/* Begin PBXNativeTarget section */
		55A3E3AF22DA0C2E00D45775 /* qiigle */ = {
			isa = PBXNativeTarget;
			buildConfigurationList = 55A3E3C222DA0C2F00D45775 /* Build configuration list for PBXNativeTarget "qiigle" */;
			buildPhases = (
				BA839F8714F63F0841E75B02 /* [CP] Check Pods Manifest.lock */,
				55A3E3AC22DA0C2E00D45775 /* Sources */,
				55A3E3AD22DA0C2E00D45775 /* Frameworks */,
				55A3E3AE22DA0C2E00D45775 /* Resources */,
				735426FD1E1F589AD529C08A /* [CP] Embed Pods Frameworks */,
			);
			buildRules = (
			);
			dependencies = (
			);
			name = qiigle;
			productName = qiigle;
			productReference = 55A3E3B022DA0C2E00D45775 /* qiigle.app */;
			productType = "com.apple.product-type.application";
		};
/* End PBXNativeTarget section */

/* Begin PBXProject section */
		55A3E3A822DA0C2E00D45775 /* Project object */ = {
			isa = PBXProject;
			attributes = {
				LastSwiftUpdateCheck = 1020;
				LastUpgradeCheck = 1020;
				ORGANIZATIONNAME = Tomozip;
				TargetAttributes = {
					55A3E3AF22DA0C2E00D45775 = {
						CreatedOnToolsVersion = 10.2.1;
					};
				};
			};
			buildConfigurationList = 55A3E3AB22DA0C2E00D45775 /* Build configuration list for PBXProject "qiigle" */;
			compatibilityVersion = "Xcode 9.3";
			developmentRegion = en;
			hasScannedForEncodings = 0;
			knownRegions = (
				en,
				Base,
			);
			mainGroup = 55A3E3A722DA0C2E00D45775;
			productRefGroup = 55A3E3B122DA0C2E00D45775 /* Products */;
			projectDirPath = "";
			projectRoot = "";
			targets = (
				55A3E3AF22DA0C2E00D45775 /* qiigle */,
			);
		};
/* End PBXProject section */

/* Begin PBXResourcesBuildPhase section */
		55A3E3AE22DA0C2E00D45775 /* Resources */ = {
			isa = PBXResourcesBuildPhase;
			buildActionMask = 2147483647;
			files = (
				55A3E3BE22DA0C2F00D45775 /* LaunchScreen.storyboard in Resources */,
				55A3E3BB22DA0C2F00D45775 /* Assets.xcassets in Resources */,
			);
			runOnlyForDeploymentPostprocessing = 0;
		};
/* End PBXResourcesBuildPhase section */

/* Begin PBXShellScriptBuildPhase section */
		735426FD1E1F589AD529C08A /* [CP] Embed Pods Frameworks */ = {
			isa = PBXShellScriptBuildPhase;
			buildActionMask = 2147483647;
			files = (
			);
			inputFileListPaths = (
			);
			inputPaths = (
				"${PODS_ROOT}/Target Support Files/Pods-qiigle/Pods-qiigle-frameworks.sh",
				"${BUILT_PRODUCTS_DIR}/R.swift.Library/Rswift.framework",
				"${BUILT_PRODUCTS_DIR}/ReactorKit/ReactorKit.framework",
				"${BUILT_PRODUCTS_DIR}/ReusableKit/ReusableKit.framework",
				"${BUILT_PRODUCTS_DIR}/RxCocoa/RxCocoa.framework",
				"${BUILT_PRODUCTS_DIR}/RxSwift/RxSwift.framework",
				"${BUILT_PRODUCTS_DIR}/Then/Then.framework",
			);
			name = "[CP] Embed Pods Frameworks";
			outputFileListPaths = (
			);
			outputPaths = (
				"${TARGET_BUILD_DIR}/${FRAMEWORKS_FOLDER_PATH}/Rswift.framework",
				"${TARGET_BUILD_DIR}/${FRAMEWORKS_FOLDER_PATH}/ReactorKit.framework",
				"${TARGET_BUILD_DIR}/${FRAMEWORKS_FOLDER_PATH}/ReusableKit.framework",
				"${TARGET_BUILD_DIR}/${FRAMEWORKS_FOLDER_PATH}/RxCocoa.framework",
				"${TARGET_BUILD_DIR}/${FRAMEWORKS_FOLDER_PATH}/RxSwift.framework",
				"${TARGET_BUILD_DIR}/${FRAMEWORKS_FOLDER_PATH}/Then.framework",
			);
			runOnlyForDeploymentPostprocessing = 0;
			shellPath = /bin/sh;
			shellScript = "\"${PODS_ROOT}/Target Support Files/Pods-qiigle/Pods-qiigle-frameworks.sh\"\n";
			showEnvVarsInLog = 0;
		};
		BA839F8714F63F0841E75B02 /* [CP] Check Pods Manifest.lock */ = {
			isa = PBXShellScriptBuildPhase;
			buildActionMask = 2147483647;
			files = (
			);
			inputFileListPaths = (
			);
			inputPaths = (
				"${PODS_PODFILE_DIR_PATH}/Podfile.lock",
				"${PODS_ROOT}/Manifest.lock",
			);
			name = "[CP] Check Pods Manifest.lock";
			outputFileListPaths = (
			);
			outputPaths = (
				"$(DERIVED_FILE_DIR)/Pods-qiigle-checkManifestLockResult.txt",
			);
			runOnlyForDeploymentPostprocessing = 0;
			shellPath = /bin/sh;
			shellScript = "diff \"${PODS_PODFILE_DIR_PATH}/Podfile.lock\" \"${PODS_ROOT}/Manifest.lock\" > /dev/null\nif [ $? != 0 ] ; then\n    # print error to STDERR\n    echo \"error: The sandbox is not in sync with the Podfile.lock. Run 'pod install' or update your CocoaPods installation.\" >&2\n    exit 1\nfi\n# This output is used by Xcode 'outputs' to avoid re-running this script phase.\necho \"SUCCESS\" > \"${SCRIPT_OUTPUT_FILE_0}\"\n";
			showEnvVarsInLog = 0;
		};
/* End PBXShellScriptBuildPhase section */

/* Begin PBXSourcesBuildPhase section */
		55A3E3AC22DA0C2E00D45775 /* Sources */ = {
			isa = PBXSourcesBuildPhase;
			buildActionMask = 2147483647;
			files = (
				55A3E3D822DA0EBC00D45775 /* UIView+Extension.swift in Sources */,
				55A3E3DB22DA0EBC00D45775 /* Observable+Optional.swift in Sources */,
				55A3E3DA22DA0EBC00D45775 /* ReactorKitView.swift in Sources */,
				55A3E3CA22DA0E6400D45775 /* DeviceSize.swift in Sources */,
				55A3E3B422DA0C2E00D45775 /* AppDelegate.swift in Sources */,
				55A3E3CD22DA0E6400D45775 /* Color.swift in Sources */,
				55A3E3D722DA0EBC00D45775 /* UIButton+Extension.swift in Sources */,
				55A3E3D622DA0EBC00D45775 /* UIColor+Extension.swift in Sources */,
			);
			runOnlyForDeploymentPostprocessing = 0;
		};
/* End PBXSourcesBuildPhase section */

/* Begin PBXVariantGroup section */
		55A3E3BC22DA0C2F00D45775 /* LaunchScreen.storyboard */ = {
			isa = PBXVariantGroup;
			children = (
				55A3E3BD22DA0C2F00D45775 /* Base */,
			);
			name = LaunchScreen.storyboard;
			sourceTree = "<group>";
		};
/* End PBXVariantGroup section */

/* Begin XCBuildConfiguration section */
		55A3E3C022DA0C2F00D45775 /* Debug */ = {
			isa = XCBuildConfiguration;
			buildSettings = {
				ALWAYS_SEARCH_USER_PATHS = NO;
				CLANG_ANALYZER_NONNULL = YES;
				CLANG_ANALYZER_NUMBER_OBJECT_CONVERSION = YES_AGGRESSIVE;
				CLANG_CXX_LANGUAGE_STANDARD = "gnu++14";
				CLANG_CXX_LIBRARY = "libc++";
				CLANG_ENABLE_MODULES = YES;
				CLANG_ENABLE_OBJC_ARC = YES;
				CLANG_ENABLE_OBJC_WEAK = YES;
				CLANG_WARN_BLOCK_CAPTURE_AUTORELEASING = YES;
				CLANG_WARN_BOOL_CONVERSION = YES;
				CLANG_WARN_COMMA = YES;
				CLANG_WARN_CONSTANT_CONVERSION = YES;
				CLANG_WARN_DEPRECATED_OBJC_IMPLEMENTATIONS = YES;
				CLANG_WARN_DIRECT_OBJC_ISA_USAGE = YES_ERROR;
				CLANG_WARN_DOCUMENTATION_COMMENTS = YES;
				CLANG_WARN_EMPTY_BODY = YES;
				CLANG_WARN_ENUM_CONVERSION = YES;
				CLANG_WARN_INFINITE_RECURSION = YES;
				CLANG_WARN_INT_CONVERSION = YES;
				CLANG_WARN_NON_LITERAL_NULL_CONVERSION = YES;
				CLANG_WARN_OBJC_IMPLICIT_RETAIN_SELF = YES;
				CLANG_WARN_OBJC_LITERAL_CONVERSION = YES;
				CLANG_WARN_OBJC_ROOT_CLASS = YES_ERROR;
				CLANG_WARN_RANGE_LOOP_ANALYSIS = YES;
				CLANG_WARN_STRICT_PROTOTYPES = YES;
				CLANG_WARN_SUSPICIOUS_MOVE = YES;
				CLANG_WARN_UNGUARDED_AVAILABILITY = YES_AGGRESSIVE;
				CLANG_WARN_UNREACHABLE_CODE = YES;
				CLANG_WARN__DUPLICATE_METHOD_MATCH = YES;
				CODE_SIGN_IDENTITY = "iPhone Developer";
				COPY_PHASE_STRIP = NO;
				DEBUG_INFORMATION_FORMAT = dwarf;
				ENABLE_STRICT_OBJC_MSGSEND = YES;
				ENABLE_TESTABILITY = YES;
				GCC_C_LANGUAGE_STANDARD = gnu11;
				GCC_DYNAMIC_NO_PIC = NO;
				GCC_NO_COMMON_BLOCKS = YES;
				GCC_OPTIMIZATION_LEVEL = 0;
				GCC_PREPROCESSOR_DEFINITIONS = (
					"DEBUG=1",
					"$(inherited)",
				);
				GCC_WARN_64_TO_32_BIT_CONVERSION = YES;
				GCC_WARN_ABOUT_RETURN_TYPE = YES_ERROR;
				GCC_WARN_UNDECLARED_SELECTOR = YES;
				GCC_WARN_UNINITIALIZED_AUTOS = YES_AGGRESSIVE;
				GCC_WARN_UNUSED_FUNCTION = YES;
				GCC_WARN_UNUSED_VARIABLE = YES;
				IPHONEOS_DEPLOYMENT_TARGET = 12.2;
				MTL_ENABLE_DEBUG_INFO = INCLUDE_SOURCE;
				MTL_FAST_MATH = YES;
				ONLY_ACTIVE_ARCH = YES;
				SDKROOT = iphoneos;
				SWIFT_ACTIVE_COMPILATION_CONDITIONS = DEBUG;
				SWIFT_OPTIMIZATION_LEVEL = "-Onone";
			};
			name = Debug;
		};
		55A3E3C122DA0C2F00D45775 /* Release */ = {
			isa = XCBuildConfiguration;
			buildSettings = {
				ALWAYS_SEARCH_USER_PATHS = NO;
				CLANG_ANALYZER_NONNULL = YES;
				CLANG_ANALYZER_NUMBER_OBJECT_CONVERSION = YES_AGGRESSIVE;
				CLANG_CXX_LANGUAGE_STANDARD = "gnu++14";
				CLANG_CXX_LIBRARY = "libc++";
				CLANG_ENABLE_MODULES = YES;
				CLANG_ENABLE_OBJC_ARC = YES;
				CLANG_ENABLE_OBJC_WEAK = YES;
				CLANG_WARN_BLOCK_CAPTURE_AUTORELEASING = YES;
				CLANG_WARN_BOOL_CONVERSION = YES;
				CLANG_WARN_COMMA = YES;
				CLANG_WARN_CONSTANT_CONVERSION = YES;
				CLANG_WARN_DEPRECATED_OBJC_IMPLEMENTATIONS = YES;
				CLANG_WARN_DIRECT_OBJC_ISA_USAGE = YES_ERROR;
				CLANG_WARN_DOCUMENTATION_COMMENTS = YES;
				CLANG_WARN_EMPTY_BODY = YES;
				CLANG_WARN_ENUM_CONVERSION = YES;
				CLANG_WARN_INFINITE_RECURSION = YES;
				CLANG_WARN_INT_CONVERSION = YES;
				CLANG_WARN_NON_LITERAL_NULL_CONVERSION = YES;
				CLANG_WARN_OBJC_IMPLICIT_RETAIN_SELF = YES;
				CLANG_WARN_OBJC_LITERAL_CONVERSION = YES;
				CLANG_WARN_OBJC_ROOT_CLASS = YES_ERROR;
				CLANG_WARN_RANGE_LOOP_ANALYSIS = YES;
				CLANG_WARN_STRICT_PROTOTYPES = YES;
				CLANG_WARN_SUSPICIOUS_MOVE = YES;
				CLANG_WARN_UNGUARDED_AVAILABILITY = YES_AGGRESSIVE;
				CLANG_WARN_UNREACHABLE_CODE = YES;
				CLANG_WARN__DUPLICATE_METHOD_MATCH = YES;
				CODE_SIGN_IDENTITY = "iPhone Developer";
				COPY_PHASE_STRIP = NO;
				DEBUG_INFORMATION_FORMAT = "dwarf-with-dsym";
				ENABLE_NS_ASSERTIONS = NO;
				ENABLE_STRICT_OBJC_MSGSEND = YES;
				GCC_C_LANGUAGE_STANDARD = gnu11;
				GCC_NO_COMMON_BLOCKS = YES;
				GCC_WARN_64_TO_32_BIT_CONVERSION = YES;
				GCC_WARN_ABOUT_RETURN_TYPE = YES_ERROR;
				GCC_WARN_UNDECLARED_SELECTOR = YES;
				GCC_WARN_UNINITIALIZED_AUTOS = YES_AGGRESSIVE;
				GCC_WARN_UNUSED_FUNCTION = YES;
				GCC_WARN_UNUSED_VARIABLE = YES;
				IPHONEOS_DEPLOYMENT_TARGET = 12.2;
				MTL_ENABLE_DEBUG_INFO = NO;
				MTL_FAST_MATH = YES;
				SDKROOT = iphoneos;
				SWIFT_COMPILATION_MODE = wholemodule;
				SWIFT_OPTIMIZATION_LEVEL = "-O";
				VALIDATE_PRODUCT = YES;
			};
			name = Release;
		};
		55A3E3C322DA0C2F00D45775 /* Debug */ = {
			isa = XCBuildConfiguration;
			baseConfigurationReference = EFBDDDA18A9D96A3CB745C33 /* Pods-qiigle.debug.xcconfig */;
			buildSettings = {
				ASSETCATALOG_COMPILER_APPICON_NAME = AppIcon;
				CODE_SIGN_STYLE = Automatic;
				DEVELOPMENT_TEAM = MN5DP9MBB2;
				INFOPLIST_FILE = qiigle/Info.plist;
				LD_RUNPATH_SEARCH_PATHS = (
					"$(inherited)",
					"@executable_path/Frameworks",
				);
				PRODUCT_BUNDLE_IDENTIFIER = tomozip.qiigle;
				PRODUCT_NAME = "$(TARGET_NAME)";
				SWIFT_VERSION = 5.0;
				TARGETED_DEVICE_FAMILY = "1,2";
			};
			name = Debug;
		};
		55A3E3C422DA0C2F00D45775 /* Release */ = {
			isa = XCBuildConfiguration;
			baseConfigurationReference = 2DE14EB8EAF3C3F0529A2CA1 /* Pods-qiigle.release.xcconfig */;
			buildSettings = {
				ASSETCATALOG_COMPILER_APPICON_NAME = AppIcon;
				CODE_SIGN_STYLE = Automatic;
				DEVELOPMENT_TEAM = MN5DP9MBB2;
				INFOPLIST_FILE = qiigle/Info.plist;
				LD_RUNPATH_SEARCH_PATHS = (
					"$(inherited)",
					"@executable_path/Frameworks",
				);
				PRODUCT_BUNDLE_IDENTIFIER = tomozip.qiigle;
				PRODUCT_NAME = "$(TARGET_NAME)";
				SWIFT_VERSION = 5.0;
				TARGETED_DEVICE_FAMILY = "1,2";
			};
			name = Release;
		};
/* End XCBuildConfiguration section */

/* Begin XCConfigurationList section */
		55A3E3AB22DA0C2E00D45775 /* Build configuration list for PBXProject "qiigle" */ = {
			isa = XCConfigurationList;
			buildConfigurations = (
				55A3E3C022DA0C2F00D45775 /* Debug */,
				55A3E3C122DA0C2F00D45775 /* Release */,
			);
			defaultConfigurationIsVisible = 0;
			defaultConfigurationName = Release;
		};
		55A3E3C222DA0C2F00D45775 /* Build configuration list for PBXNativeTarget "qiigle" */ = {
			isa = XCConfigurationList;
			buildConfigurations = (
				55A3E3C322DA0C2F00D45775 /* Debug */,
				55A3E3C422DA0C2F00D45775 /* Release */,
			);
			defaultConfigurationIsVisible = 0;
			defaultConfigurationName = Release;
		};
/* End XCConfigurationList section */
	};
	rootObject = 55A3E3A822DA0C2E00D45775 /* Project object */;
}
